
Microsoft Visual Studio Solution File, Format Version 12.00
# Visual Studio Version 16
VisualStudioVersion = 16.0.29123.88
MinimumVisualStudioVersion = 10.0.40219.1
Project("{FAE04EC0-301F-11D3-BF4B-00C04F79EFBC}") = "Taxopark", "Taxopark.csproj", "{8258A762-71CE-4588-9CEE-7A3300D0E846}"
EndProject
Global
	GlobalSection(SolutionConfigurationPlatforms) = preSolution
		Debug|Any CPU = Debug|Any CPU
		Release|Any CPU = Release|Any CPU
	EndGlobalSection
	GlobalSection(ProjectConfigurationPlatforms) = postSolution
		{8258A762-71CE-4588-9CEE-7A3300D0E846}.Debug|Any CPU.ActiveCfg = Debug|Any CPU
		{8258A762-71CE-4588-9CEE-7A3300D0E846}.Debug|Any CPU.Build.0 = Debug|Any CPU
		{8258A762-71CE-4588-9CEE-7A3300D0E846}.Release|Any CPU.ActiveCfg = Release|Any CPU
		{8258A762-71CE-4588-9CEE-7A3300D0E846}.Release|Any CPU.Build.0 = Release|Any CPU
	EndGlobalSection
	GlobalSection(SolutionProperties) = preSolution
		HideSolutionNode = FALSE
	EndGlobalSection
	GlobalSection(ExtensibilityGlobals) = postSolution
		SolutionGuid = {C5D1F1D7-BFD7-494A-8418-8D364CDD3621}
	EndGlobalSection
EndGlobal
